{
    "_meta": {
        "hash": {
            "sha256": "c9c053e9b5c61859a8036e6270c37b1eb91e751bdf7a508410b1be299136d5e4"
        },
        "pipfile-spec": 6,
        "requires": {
            "python_version": "3.10"
        },
        "sources": [
            {
                "name": "pypi",
                "url": "https://pypi.org/simple",
                "verify_ssl": true
            }
        ]
    },
    "default": {
        "asgiref": {
            "hashes": [
                "sha256:71e68008da809b957b7ee4b43dbccff33d1b23519fb8344e33f049897077afac",
                "sha256:9567dfe7bd8d3c8c892227827c41cce860b368104c3431da67a0c5a65a949506"
            ],
            "markers": "python_version >= '3.7'",
            "version": "==3.6.0"
        },
        "certifi": {
            "hashes": [
                "sha256:35824b4c3a97115964b408844d64aa14db1cc518f6562e8d7261699d1350a9e3",
                "sha256:4ad3232f5e926d6718ec31cfc1fcadfde020920e278684144551c91769c7bc18"
            ],
            "markers": "python_version >= '3.6'",
            "version": "==2022.12.7"
        },
        "django": {
            "hashes": [
                "sha256:44f714b81c5f190d9d2ddad01a532fe502fa01c4cb8faf1d081f4264ed15dcd8",
                "sha256:f2f431e75adc40039ace496ad3b9f17227022e8b11566f4b363da44c7e44761e"
            ],
            "index": "pypi",
            "version": "==4.1.7"
        },
        "djangorestframework": {
            "hashes": [
                "sha256:579a333e6256b09489cbe0a067e66abe55c6595d8926be6b99423786334350c8",
                "sha256:eb63f58c9f218e1a7d064d17a70751f528ed4e1d35547fdade9aaf4cd103fd08"
            ],
            "index": "pypi",
            "version": "==3.14.0"
        },
        "gunicorn": {
            "hashes": [
                "sha256:9dcc4547dbb1cb284accfb15ab5667a0e5d1881cc443e0677b4882a4067a807e",
                "sha256:e0a968b5ba15f8a328fdfd7ab1fcb5af4470c28aaf7e55df02a99bc13138e6e8"
            ],
            "index": "pypi",
            "version": "==20.1.0"
        },
        "pytz": {
            "hashes": [
                "sha256:8a8baaf1e237175b02f5c751eea67168043a749c843989e2b3015aa1ad9db68b",
                "sha256:a27dcf612c05d2ebde626f7d506555f10dfc815b3eddccfaadfc7d99b11c9a07"
            ],
            "version": "==2023.2"
        },
        "sentry-sdk": {
            "hashes": [
                "sha256:3c4e898f7a3edf5a2042cd0dcab6ee124e2112189228c272c08ad15d3850c201",
                "sha256:ad40860325c94d1a656da70fba5a7c4dbb2f6809d3cc2d00f74ca0b608330f14"
            ],
            "index": "pypi",
            "version": "==1.17.0"
        },
        "setuptools": {
            "hashes": [
                "sha256:2ee892cd5f29f3373097f5a814697e397cf3ce313616df0af11231e2ad118077",
                "sha256:b78aaa36f6b90a074c1fa651168723acbf45d14cb1196b6f02c0fd07f17623b2"
            ],
            "markers": "python_version >= '3.7'",
            "version": "==67.6.0"
        },
        "sqlparse": {
            "hashes": [
                "sha256:0323c0ec29cd52bceabc1b4d9d579e311f3e4961b98d174201d5622a23b85e34",
                "sha256:69ca804846bb114d2ec380e4360a8a340db83f0ccf3afceeb1404df028f57268"
            ],
            "markers": "python_version >= '3.5'",
            "version": "==0.4.3"
        },
        "urllib3": {
            "hashes": [
                "sha256:8a388717b9476f934a21484e8c8e61875ab60644d29b9b39e11e4b9dc1c6b305",
                "sha256:aa751d169e23c7479ce47a0cb0da579e3ede798f994f5816a74e4f4500dcea42"
            ],
            "markers": "python_version >= '3.6'",
            "version": "==1.26.15"
        }
    },
    "develop": {}
}
